# requirements.lock — full transitive freeze snapshot
# Last regenerated: 2026-04-08 via pip freeze (Python 3.11, Windows)
# Updated: 2026-04-28 — added hypothesis==6.152.4 (D3 property tests)
# WARNING: Key packages (numpy, pandas) diverge from requirements.txt pins.
# IMPORTANT: requirements.txt is the authoritative CI file. This lock is a
# secondary reference. Regenerate after any requirements.txt update:
#   pip install -r requirements.txt && pip freeze | grep -v "^-e " > requirements.lock
alpaca-py==0.43.2
annotated-doc==0.0.4
annotated-types==0.7.0
anyio==4.12.0
beautifulsoup4==4.14.2
black==25.11.0
certifi==2025.10.5
charset-normalizer==3.4.4
click==8.3.1
colorama==0.4.6
contourpy==1.3.3
coverage==7.12.0
cramjam==2.11.0
cycler==0.12.1
exchange_calendars==4.13.2
fastapi==0.122.0
fastparquet==2024.11.0
filelock==3.25.2
fonttools==4.60.1
fredapi==0.5.2
frozendict==2.4.6
fsspec==2025.9.0
h11==0.16.0
hypothesis==6.152.4
httpcore==1.0.9
httptools==0.7.1
httpx==0.28.1
idna==3.11
iniconfig==2.3.0
joblib==1.5.2
kiwisolver==1.4.9
korean-lunar-calendar==0.3.1
librt==0.6.2
matplotlib==3.10.6
msgpack==1.1.2
multitasking==0.0.12
mypy==1.19.0
mypy_extensions==1.1.0
newsapi-python==0.2.7
numpy==2.3.3
packaging==25.0
pandas==2.3.3
pathspec==0.12.1
peewee==3.18.2
pillow==11.3.0
platformdirs==4.5.0
pluggy==1.6.0
polygon-api-client==1.16.3
pyarrow==22.0.0
pydantic==2.12.5
pydantic-settings==2.12.0
pydantic_core==2.41.5
Pygments==2.19.2
pyluach==2.3.0
pyparsing==3.2.5
pytest==9.0.1
pytest-cov==7.0.0
python-dateutil==2.9.0.post0
python-dotenv==1.2.1
pytokens==0.3.0
pytz==2025.2
PyYAML==6.0.3
requests==2.32.3
ruff==0.14.7
scikit-learn==1.8.0
scipy==1.16.3
six==1.17.0
soupsieve==2.8
sseclient-py==1.9.0
starlette==0.50.0
tabulate==0.9.0
threadpoolctl==3.6.0
tomli==2.3.0
toolz==1.1.0
typing-inspection==0.4.2
typing_extensions==4.15.0
tzdata==2025.2
urllib3==2.5.0
uvicorn==0.38.0
watchfiles==1.1.1
websockets==15.0.1
yfinance==0.2.54
